// !$*UTF8*$!
{
	archiveVersion = 1;
	classes = {
	};
	objectVersion = 46;
	objects = {

/* Begin PBXBuildFile section */
		8C630F4E1ED86E43002963A2 /* main.m in Sources */ = {isa = PBXBuildFile; fileRef = 8C630F4D1ED86E42002963A2 /* main.m */; };
		8C630F511ED86E43002963A2 /* AppDelegate.m in Sources */ = {isa = PBXBuildFile; fileRef = 8C630F501ED86E43002963A2 /* AppDelegate.m */; };
		8C630F541ED86E43002963A2 /* ViewController.m in Sources */ = {isa = PBXBuildFile; fileRef = 8C630F531ED86E43002963A2 /* ViewController.m */; };
		8C630F571ED86E43002963A2 /* Main.storyboard in Resources */ = {isa = PBXBuildFile; fileRef = 8C630F551ED86E43002963A2 /* Main.storyboard */; };
		8C630F5A1ED86E43002963A2 /* EmerShool.xcdatamodeld in Sources */ = {isa = PBXBuildFile; fileRef = 8C630F581ED86E43002963A2 /* EmerShool.xcdatamodeld */; };
		8C630F5C1ED86E43002963A2 /* Assets.xcassets in Resources */ = {isa = PBXBuildFile; fileRef = 8C630F5B1ED86E43002963A2 /* Assets.xcassets */; };
		8C630F5F1ED86E43002963A2 /* LaunchScreen.storyboard in Resources */ = {isa = PBXBuildFile; fileRef = 8C630F5D1ED86E43002963A2 /* LaunchScreen.storyboard */; };
/* End PBXBuildFile section */

/* Begin PBXFileReference section */
		8C630F491ED86E42002963A2 /* EmerShool.app */ = {isa = PBXFileReference; explicitFileType = wrapper.application; includeInIndex = 0; path = EmerShool.app; sourceTree = BUILT_PRODUCTS_DIR; };
		8C630F4D1ED86E42002963A2 /* main.m */ = {isa = PBXFileReference; lastKnownFileType = sourcecode.c.objc; path = main.m; sourceTree = "<group>"; };
		8C630F4F1ED86E43002963A2 /* AppDelegate.h */ = {isa = PBXFileReference; lastKnownFileType = sourcecode.c.h; path = AppDelegate.h; sourceTree = "<group>"; };
		8C630F501ED86E43002963A2 /* AppDelegate.m */ = {isa = PBXFileReference; lastKnownFileType = sourcecode.c.objc; path = AppDelegate.m; sourceTree = "<group>"; };
		8C630F521ED86E43002963A2 /* ViewController.h */ = {isa = PBXFileReference; lastKnownFileType = sourcecode.c.h; path = ViewController.h; sourceTree = "<group>"; };
		8C630F531ED86E43002963A2 /* ViewController.m */ = {isa = PBXFileReference; lastKnownFileType = sourcecode.c.objc; path = ViewController.m; sourceTree = "<group>"; };
		8C630F561ED86E43002963A2 /* Base */ = {isa = PBXFileReference; lastKnownFileType = file.storyboard; name = Base; path = Base.lproj/Main.storyboard; sourceTree = "<group>"; };
		8C630F591ED86E43002963A2 /* EmerShool.xcdatamodel */ = {isa = PBXFileReference; lastKnownFileType = wrapper.xcdatamodel; path = EmerShool.xcdatamodel; sourceTree = "<group>"; };
		8C630F5B1ED86E43002963A2 /* Assets.xcassets */ = {isa = PBXFileReference; lastKnownFileType = folder.assetcatalog; path = Assets.xcassets; sourceTree = "<group>"; };
		8C630F5E1ED86E43002963A2 /* Base */ = {isa = PBXFileReference; lastKnownFileType = file.storyboard; name = Base; path = Base.lproj/LaunchScreen.storyboard; sourceTree = "<group>"; };
		8C630F601ED86E43002963A2 /* Info.plist */ = {isa = PBXFileReference; lastKnownFileType = text.plist.xml; path = Info.plist; sourceTree = "<group>"; };
/* End PBXFileReference section */

/* Begin PBXFrameworksBuildPhase section */
		8C630F461ED86E42002963A2 /* Frameworks */ = {
			isa = PBXFrameworksBuildPhase;
			buildActionMask = 2147483647;
			files = (
			);
			runOnlyForDeploymentPostprocessing = 0;
		};
/* End PBXFrameworksBuildPhase section */

/* Begin PBXGroup section */
		8C630F401ED86E42002963A2 = {
			isa = PBXGroup;
			children = (
				8C630F4B1ED86E42002963A2 /* EmerShool */,
				8C630F4A1ED86E42002963A2 /* Products */,
			);
			sourceTree = "<group>";
		};
		8C630F4A1ED86E42002963A2 /* Products */ = {
			isa = PBXGroup;
			children = (
				8C630F491ED86E42002963A2 /* EmerShool.app */,
			);
			name = Products;
			sourceTree = "<group>";
		};
		8C630F4B1ED86E42002963A2 /* EmerShool */ = {
			isa = PBXGroup;
			children = (
				8C630F4F1ED86E43002963A2 /* AppDelegate.h */,
				8C630F501ED86E43002963A2 /* AppDelegate.m */,
				8C630F521ED86E43002963A2 /* ViewController.h */,
				8C630F531ED86E43002963A2 /* ViewController.m */,
				8C630F551ED86E43002963A2 /* Main.storyboard */,
				8C630F5B1ED86E43002963A2 /* Assets.xcassets */,
				8C630F5D1ED86E43002963A2 /* LaunchScreen.storyboard */,
				8C630F601ED86E43002963A2 /* Info.plist */,
				8C630F581ED86E43002963A2 /* EmerShool.xcdatamodeld */,
				8C630F4C1ED86E42002963A2 /* Supporting Files */,
			);
			path = EmerShool;
			sourceTree = "<group>";
		};
		8C630F4C1ED86E42002963A2 /* Supporting Files */ = {
			isa = PBXGroup;
			children = (
				8C630F4D1ED86E42002963A2 /* main.m */,
			);
			name = "Supporting Files";
			sourceTree = "<group>";
		};
/* End PBXGroup section */

/* Begin PBXNativeTarget section */
		8C630F481ED86E42002963A2 /* EmerShool */ = {
			isa = PBXNativeTarget;
			buildConfigurationList = 8C630F631ED86E43002963A2 /* Build configuration list for PBXNativeTarget "EmerShool" */;
			buildPhases = (
				8C630F451ED86E42002963A2 /* Sources */,
				8C630F461ED86E42002963A2 /* Frameworks */,
				8C630F471ED86E42002963A2 /* Resources */,
			);
			buildRules = (
			);
			dependencies = (
			);
			name = EmerShool;
			productName = EmerShool;
			productReference = 8C630F491ED86E42002963A2 /* EmerShool.app */;
			productType = "com.apple.product-type.application";
		};
/* End PBXNativeTarget section */

/* Begin PBXProject section */
		8C630F411ED86E42002963A2 /* Project object */ = {
			isa = PBXProject;
			attributes = {
				LastUpgradeCheck = 0830;
				ORGANIZATIONNAME = EmerShool;
				TargetAttributes = {
					8C630F481ED86E42002963A2 = {
						CreatedOnToolsVersion = 8.3.2;
						ProvisioningStyle = Automatic;
					};
				};
			};
			buildConfigurationList = 8C630F441ED86E42002963A2 /* Build configuration list for PBXProject "EmerShool" */;
			compatibilityVersion = "Xcode 3.2";
			developmentRegion = English;
			hasScannedForEncodings = 0;
			knownRegions = (
				en,
				Base,
			);
			mainGroup = 8C630F401ED86E42002963A2;
			productRefGroup = 8C630F4A1ED86E42002963A2 /* Products */;
			projectDirPath = "";
			projectRoot = "";
			targets = (
				8C630F481ED86E42002963A2 /* EmerShool */,
			);
		};
/* End PBXProject section */

/* Begin PBXResourcesBuildPhase section */
		8C630F471ED86E42002963A2 /* Resources */ = {
			isa = PBXResourcesBuildPhase;
			buildActionMask = 2147483647;
			files = (
				8C630F5F1ED86E43002963A2 /* LaunchScreen.storyboard in Resources */,
				8C630F5C1ED86E43002963A2 /* Assets.xcassets in Resources */,
				8C630F571ED86E43002963A2 /* Main.storyboard in Resources */,
			);
			runOnlyForDeploymentPostprocessing = 0;
		};
/* End PBXResourcesBuildPhase section */

/* Begin PBXSourcesBuildPhase section */
		8C630F451ED86E42002963A2 /* Sources */ = {
			isa = PBXSourcesBuildPhase;
			buildActionMask = 2147483647;
			files = (
				8C630F5A1ED86E43002963A2 /* EmerShool.xcdatamodeld in Sources */,
				8C630F541ED86E43002963A2 /* ViewController.m in Sources */,
				8C630F511ED86E43002963A2 /* AppDelegate.m in Sources */,
				8C630F4E1ED86E43002963A2 /* main.m in Sources */,
			);
			runOnlyForDeploymentPostprocessing = 0;
		};
/* End PBXSourcesBuildPhase section */

/* Begin PBXVariantGroup section */
		8C630F551ED86E43002963A2 /* Main.storyboard */ = {
			isa = PBXVariantGroup;
			children = (
				8C630F561ED86E43002963A2 /* Base */,
			);
			name = Main.storyboard;
			sourceTree = "<group>";
		};
		8C630F5D1ED86E43002963A2 /* LaunchScreen.storyboard */ = {
			isa = PBXVariantGroup;
			children = (
				8C630F5E1ED86E43002963A2 /* Base */,
			);
			name = LaunchScreen.storyboard;
			sourceTree = "<group>";
		};
/* End PBXVariantGroup section */

/* Begin XCBuildConfiguration section */
		8C630F611ED86E43002963A2 /* Debug */ = {
			isa = XCBuildConfiguration;
			buildSettings = {
				ALWAYS_SEARCH_USER_PATHS = NO;
				CLANG_ANALYZER_NONNULL = YES;
				CLANG_ANALYZER_NUMBER_OBJECT_CONVERSION = YES_AGGRESSIVE;
				CLANG_CXX_LANGUAGE_STANDARD = "gnu++0x";
				CLANG_CXX_LIBRARY = "libc++";
				CLANG_ENABLE_MODULES = YES;
				CLANG_ENABLE_OBJC_ARC = YES;
				CLANG_WARN_BOOL_CONVERSION = YES;
				CLANG_WARN_CONSTANT_CONVERSION = YES;
				CLANG_WARN_DIRECT_OBJC_ISA_USAGE = YES_ERROR;
				CLANG_WARN_DOCUMENTATION_COMMENTS = YES;
				CLANG_WARN_EMPTY_BODY = YES;
				CLANG_WARN_ENUM_CONVERSION = YES;
				CLANG_WARN_INFINITE_RECURSION = YES;
				CLANG_WARN_INT_CONVERSION = YES;
				CLANG_WARN_OBJC_ROOT_CLASS = YES_ERROR;
				CLANG_WARN_SUSPICIOUS_MOVE = YES;
				CLANG_WARN_UNREACHABLE_CODE = YES;
				CLANG_WARN__DUPLICATE_METHOD_MATCH = YES;
				"CODE_SIGN_IDENTITY[sdk=iphoneos*]" = "iPhone Developer";
				COPY_PHASE_STRIP = NO;
				DEBUG_INFORMATION_FORMAT = dwarf;
				ENABLE_STRICT_OBJC_MSGSEND = YES;
				ENABLE_TESTABILITY = YES;
				GCC_C_LANGUAGE_STANDARD = gnu99;
				GCC_DYNAMIC_NO_PIC = NO;
				GCC_NO_COMMON_BLOCKS = YES;
				GCC_OPTIMIZATION_LEVEL = 0;
				GCC_PREPROCESSOR_DEFINITIONS = (
					"DEBUG=1",
					"$(inherited)",
				);
				GCC_WARN_64_TO_32_BIT_CONVERSION = YES;
				GCC_WARN_ABOUT_RETURN_TYPE = YES_ERROR;
				GCC_WARN_UNDECLARED_SELECTOR = YES;
				GCC_WARN_UNINITIALIZED_AUTOS = YES_AGGRESSIVE;
				GCC_WARN_UNUSED_FUNCTION = YES;
				GCC_WARN_UNUSED_VARIABLE = YES;
				IPHONEOS_DEPLOYMENT_TARGET = 10.3;
				MTL_ENABLE_DEBUG_INFO = YES;
				ONLY_ACTIVE_ARCH = YES;
				SDKROOT = iphoneos;
			};
			name = Debug;
		};
		8C630F621ED86E43002963A2 /* Release */ = {
			isa = XCBuildConfiguration;
			buildSettings = {
				ALWAYS_SEARCH_USER_PATHS = NO;
				CLANG_ANALYZER_NONNULL = YES;
				CLANG_ANALYZER_NUMBER_OBJECT_CONVERSION = YES_AGGRESSIVE;
				CLANG_CXX_LANGUAGE_STANDARD = "gnu++0x";
				CLANG_CXX_LIBRARY = "libc++";
				CLANG_ENABLE_MODULES = YES;
				CLANG_ENABLE_OBJC_ARC = YES;
				CLANG_WARN_BOOL_CONVERSION = YES;
				CLANG_WARN_CONSTANT_CONVERSION = YES;
				CLANG_WARN_DIRECT_OBJC_ISA_USAGE = YES_ERROR;
				CLANG_WARN_DOCUMENTATION_COMMENTS = YES;
				CLANG_WARN_EMPTY_BODY = YES;
				CLANG_WARN_ENUM_CONVERSION = YES;
				CLANG_WARN_INFINITE_RECURSION = YES;
				CLANG_WARN_INT_CONVERSION = YES;
				CLANG_WARN_OBJC_ROOT_CLASS = YES_ERROR;
				CLANG_WARN_SUSPICIOUS_MOVE = YES;
				CLANG_WARN_UNREACHABLE_CODE = YES;
				CLANG_WARN__DUPLICATE_METHOD_MATCH = YES;
				"CODE_SIGN_IDENTITY[sdk=iphoneos*]" = "iPhone Developer";
				COPY_PHASE_STRIP = NO;
				DEBUG_INFORMATION_FORMAT = "dwarf-with-dsym";
				ENABLE_NS_ASSERTIONS = NO;
				ENABLE_STRICT_OBJC_MSGSEND = YES;
				GCC_C_LANGUAGE_STANDARD = gnu99;
				GCC_NO_COMMON_BLOCKS = YES;
				GCC_WARN_64_TO_32_BIT_CONVERSION = YES;
				GCC_WARN_ABOUT_RETURN_TYPE = YES_ERROR;
				GCC_WARN_UNDECLARED_SELECTOR = YES;
				GCC_WARN_UNINITIALIZED_AUTOS = YES_AGGRESSIVE;
				GCC_WARN_UNUSED_FUNCTION = YES;
				GCC_WARN_UNUSED_VARIABLE = YES;
				IPHONEOS_DEPLOYMENT_TARGET = 10.3;
				MTL_ENABLE_DEBUG_INFO = NO;
				SDKROOT = iphoneos;
				VALIDATE_PRODUCT = YES;
			};
			name = Release;
		};
		8C630F641ED86E43002963A2 /* Debug */ = {
			isa = XCBuildConfiguration;
			buildSettings = {
				ASSETCATALOG_COMPILER_APPICON_NAME = AppIcon;
				INFOPLIST_FILE = EmerShool/Info.plist;
				LD_RUNPATH_SEARCH_PATHS = "$(inherited) @executable_path/Frameworks";
				PRODUCT_BUNDLE_IDENTIFIER = ru.emerchool.EmerShool;
				PRODUCT_NAME = "$(TARGET_NAME)";
			};
			name = Debug;
		};
		8C630F651ED86E43002963A2 /* Release */ = {
			isa = XCBuildConfiguration;
			buildSettings = {
				ASSETCATALOG_COMPILER_APPICON_NAME = AppIcon;
				INFOPLIST_FILE = EmerShool/Info.plist;
				LD_RUNPATH_SEARCH_PATHS = "$(inherited) @executable_path/Frameworks";
				PRODUCT_BUNDLE_IDENTIFIER = ru.emerchool.EmerShool;
				PRODUCT_NAME = "$(TARGET_NAME)";
			};
			name = Release;
		};
/* End XCBuildConfiguration section */

/* Begin XCConfigurationList section */
		8C630F441ED86E42002963A2 /* Build configuration list for PBXProject "EmerShool" */ = {
			isa = XCConfigurationList;
			buildConfigurations = (
				8C630F611ED86E43002963A2 /* Debug */,
				8C630F621ED86E43002963A2 /* Release */,
			);
			defaultConfigurationIsVisible = 0;
			defaultConfigurationName = Release;
		};
		8C630F631ED86E43002963A2 /* Build configuration list for PBXNativeTarget "EmerShool" */ = {
			isa = XCConfigurationList;
			buildConfigurations = (
				8C630F641ED86E43002963A2 /* Debug */,
				8C630F651ED86E43002963A2 /* Release */,
			);
			defaultConfigurationIsVisible = 0;
		};
/* End XCConfigurationList section */

/* Begin XCVersionGroup section */
		8C630F581ED86E43002963A2 /* EmerShool.xcdatamodeld */ = {
			isa = XCVersionGroup;
			children = (
				8C630F591ED86E43002963A2 /* EmerShool.xcdatamodel */,
			);
			currentVersion = 8C630F591ED86E43002963A2 /* EmerShool.xcdatamodel */;
			path = EmerShool.xcdatamodeld;
			sourceTree = "<group>";
			versionGroupType = wrapper.xcdatamodel;
		};
/* End XCVersionGroup section */
	};
	rootObject = 8C630F411ED86E42002963A2 /* Project object */;
}
