// !$*UTF8*$!
{
	archiveVersion = 1;
	classes = {
	};
	objectVersion = 46;
	objects = {

/* Begin PBXBuildFile section */
		8C023B4C1ED8EFC800AB96BF /* LoginRequestOp.m in Sources */ = {isa = PBXBuildFile; fileRef = 8C023B4B1ED8EFC800AB96BF /* LoginRequestOp.m */; };
		8C023B4F1ED9006600AB96BF /* BaseServerRequestOperation+Utils.m in Sources */ = {isa = PBXBuildFile; fileRef = 8C023B4E1ED9006600AB96BF /* BaseServerRequestOperation+Utils.m */; };
		8C630F4E1ED86E43002963A2 /* main.m in Sources */ = {isa = PBXBuildFile; fileRef = 8C630F4D1ED86E42002963A2 /* main.m */; };
		8C630F511ED86E43002963A2 /* AppDelegate.m in Sources */ = {isa = PBXBuildFile; fileRef = 8C630F501ED86E43002963A2 /* AppDelegate.m */; };
		8C630F571ED86E43002963A2 /* LaunchScreen.storyboard in Resources */ = {isa = PBXBuildFile; fileRef = 8C630F551ED86E43002963A2 /* LaunchScreen.storyboard */; };
		8C630F5A1ED86E43002963A2 /* EmerShool.xcdatamodeld in Sources */ = {isa = PBXBuildFile; fileRef = 8C630F581ED86E43002963A2 /* EmerShool.xcdatamodeld */; };
		8C630F5C1ED86E43002963A2 /* Assets.xcassets in Resources */ = {isa = PBXBuildFile; fileRef = 8C630F5B1ED86E43002963A2 /* Assets.xcassets */; };
		8C630F5F1ED86E43002963A2 /* Main.storyboard in Resources */ = {isa = PBXBuildFile; fileRef = 8C630F5D1ED86E43002963A2 /* Main.storyboard */; };
		8C630F681ED877CC002963A2 /* BaseViewController.m in Sources */ = {isa = PBXBuildFile; fileRef = 8C630F671ED877CC002963A2 /* BaseViewController.m */; };
		8C630F6C1ED87803002963A2 /* MyProfileViewController.m in Sources */ = {isa = PBXBuildFile; fileRef = 8C630F6B1ED87803002963A2 /* MyProfileViewController.m */; };
		8C630F6F1ED87F0B002963A2 /* LoginViewController.m in Sources */ = {isa = PBXBuildFile; fileRef = 8C630F6E1ED87F0B002963A2 /* LoginViewController.m */; };
		8C630F721ED87F23002963A2 /* SignUpViewController.m in Sources */ = {isa = PBXBuildFile; fileRef = 8C630F711ED87F23002963A2 /* SignUpViewController.m */; };
		8C630F751ED883BF002963A2 /* BaseAsyncOperation.m in Sources */ = {isa = PBXBuildFile; fileRef = 8C630F741ED883BF002963A2 /* BaseAsyncOperation.m */; };
		8C630F791ED8854D002963A2 /* LoginOp.m in Sources */ = {isa = PBXBuildFile; fileRef = 8C630F781ED8854D002963A2 /* LoginOp.m */; };
		8C630F7C1ED8855C002963A2 /* SignUpOp.m in Sources */ = {isa = PBXBuildFile; fileRef = 8C630F7B1ED8855C002963A2 /* SignUpOp.m */; };
		8C630F7F1ED88D20002963A2 /* BaseServerRequestOperation.m in Sources */ = {isa = PBXBuildFile; fileRef = 8C630F7E1ED88D20002963A2 /* BaseServerRequestOperation.m */; };
		8C630F861ED88E20002963A2 /* AuthorisationHandler.m in Sources */ = {isa = PBXBuildFile; fileRef = 8C630F851ED88E20002963A2 /* AuthorisationHandler.m */; };
		8C630F891ED8997A002963A2 /* Credits.plist in Resources */ = {isa = PBXBuildFile; fileRef = 8C630F881ED8997A002963A2 /* Credits.plist */; };
		8C630F8E1ED89A1C002963A2 /* baby-boy@3x.png in Resources */ = {isa = PBXBuildFile; fileRef = 8C630F8B1ED89A1C002963A2 /* baby-boy@3x.png */; };
		8C630F8F1ED89A1C002963A2 /* couple@3x.png in Resources */ = {isa = PBXBuildFile; fileRef = 8C630F8C1ED89A1C002963A2 /* couple@3x.png */; };
		8C630F901ED89A1C002963A2 /* family@3x.png in Resources */ = {isa = PBXBuildFile; fileRef = 8C630F8D1ED89A1C002963A2 /* family@3x.png */; };
		8E80AFED1ED8D740004ED08A /* TeacherCell.m in Sources */ = {isa = PBXBuildFile; fileRef = 8E80AFEB1ED8D740004ED08A /* TeacherCell.m */; };
		8E80AFEE1ED8D740004ED08A /* TeacherCell.xib in Resources */ = {isa = PBXBuildFile; fileRef = 8E80AFEC1ED8D740004ED08A /* TeacherCell.xib */; };
		8E80AFF11ED8D87D004ED08A /* TeachersViewController.m in Sources */ = {isa = PBXBuildFile; fileRef = 8E80AFF01ED8D87D004ED08A /* TeachersViewController.m */; };
		8E80AFF41ED8D9BF004ED08A /* BaseTableViewController.m in Sources */ = {isa = PBXBuildFile; fileRef = 8E80AFF31ED8D9BF004ED08A /* BaseTableViewController.m */; };
		8E80AFF71ED8DDF5004ED08A /* CellMetaData.m in Sources */ = {isa = PBXBuildFile; fileRef = 8E80AFF61ED8DDF5004ED08A /* CellMetaData.m */; };
		E2528E8FABF32F7927FF59B5 /* libPods-EmerShool.a in Frameworks */ = {isa = PBXBuildFile; fileRef = 83D172CAFB2743B7683AD6ED /* libPods-EmerShool.a */; };
/* End PBXBuildFile section */

/* Begin PBXFileReference section */
		69ADB864EEE477092AB79E49 /* Pods-EmerShool.release.xcconfig */ = {isa = PBXFileReference; includeInIndex = 1; lastKnownFileType = text.xcconfig; name = "Pods-EmerShool.release.xcconfig"; path = "Pods/Target Support Files/Pods-EmerShool/Pods-EmerShool.release.xcconfig"; sourceTree = "<group>"; };
		83D172CAFB2743B7683AD6ED /* libPods-EmerShool.a */ = {isa = PBXFileReference; explicitFileType = archive.ar; includeInIndex = 0; path = "libPods-EmerShool.a"; sourceTree = BUILT_PRODUCTS_DIR; };
		8C023B4A1ED8EFC800AB96BF /* LoginRequestOp.h */ = {isa = PBXFileReference; fileEncoding = 4; lastKnownFileType = sourcecode.c.h; path = LoginRequestOp.h; sourceTree = "<group>"; };
		8C023B4B1ED8EFC800AB96BF /* LoginRequestOp.m */ = {isa = PBXFileReference; fileEncoding = 4; lastKnownFileType = sourcecode.c.objc; path = LoginRequestOp.m; sourceTree = "<group>"; };
		8C023B4D1ED9006600AB96BF /* BaseServerRequestOperation+Utils.h */ = {isa = PBXFileReference; fileEncoding = 4; lastKnownFileType = sourcecode.c.h; path = "BaseServerRequestOperation+Utils.h"; sourceTree = "<group>"; };
		8C023B4E1ED9006600AB96BF /* BaseServerRequestOperation+Utils.m */ = {isa = PBXFileReference; fileEncoding = 4; lastKnownFileType = sourcecode.c.objc; path = "BaseServerRequestOperation+Utils.m"; sourceTree = "<group>"; };
		8C630F491ED86E42002963A2 /* EmerShool.app */ = {isa = PBXFileReference; explicitFileType = wrapper.application; includeInIndex = 0; path = EmerShool.app; sourceTree = BUILT_PRODUCTS_DIR; };
		8C630F4D1ED86E42002963A2 /* main.m */ = {isa = PBXFileReference; lastKnownFileType = sourcecode.c.objc; path = main.m; sourceTree = "<group>"; };
		8C630F4F1ED86E43002963A2 /* AppDelegate.h */ = {isa = PBXFileReference; lastKnownFileType = sourcecode.c.h; path = AppDelegate.h; sourceTree = "<group>"; };
		8C630F501ED86E43002963A2 /* AppDelegate.m */ = {isa = PBXFileReference; lastKnownFileType = sourcecode.c.objc; path = AppDelegate.m; sourceTree = "<group>"; };
		8C630F561ED86E43002963A2 /* Base */ = {isa = PBXFileReference; lastKnownFileType = file.storyboard; name = Base; path = Base.lproj/LaunchScreen.storyboard; sourceTree = "<group>"; };
		8C630F591ED86E43002963A2 /* EmerShool.xcdatamodel */ = {isa = PBXFileReference; lastKnownFileType = wrapper.xcdatamodel; path = EmerShool.xcdatamodel; sourceTree = "<group>"; };
		8C630F5B1ED86E43002963A2 /* Assets.xcassets */ = {isa = PBXFileReference; lastKnownFileType = folder.assetcatalog; path = Assets.xcassets; sourceTree = "<group>"; };
		8C630F5E1ED86E43002963A2 /* Base */ = {isa = PBXFileReference; lastKnownFileType = file.storyboard; name = Base; path = Base.lproj/Main.storyboard; sourceTree = "<group>"; };
		8C630F601ED86E43002963A2 /* Info.plist */ = {isa = PBXFileReference; lastKnownFileType = text.plist.xml; path = Info.plist; sourceTree = "<group>"; };
		8C630F661ED877CC002963A2 /* BaseViewController.h */ = {isa = PBXFileReference; fileEncoding = 4; lastKnownFileType = sourcecode.c.h; path = BaseViewController.h; sourceTree = "<group>"; };
		8C630F671ED877CC002963A2 /* BaseViewController.m */ = {isa = PBXFileReference; fileEncoding = 4; lastKnownFileType = sourcecode.c.objc; path = BaseViewController.m; sourceTree = "<group>"; };
		8C630F6A1ED87803002963A2 /* MyProfileViewController.h */ = {isa = PBXFileReference; fileEncoding = 4; lastKnownFileType = sourcecode.c.h; path = MyProfileViewController.h; sourceTree = "<group>"; };
		8C630F6B1ED87803002963A2 /* MyProfileViewController.m */ = {isa = PBXFileReference; fileEncoding = 4; lastKnownFileType = sourcecode.c.objc; path = MyProfileViewController.m; sourceTree = "<group>"; };
		8C630F6D1ED87F0B002963A2 /* LoginViewController.h */ = {isa = PBXFileReference; fileEncoding = 4; lastKnownFileType = sourcecode.c.h; path = LoginViewController.h; sourceTree = "<group>"; };
		8C630F6E1ED87F0B002963A2 /* LoginViewController.m */ = {isa = PBXFileReference; fileEncoding = 4; lastKnownFileType = sourcecode.c.objc; path = LoginViewController.m; sourceTree = "<group>"; };
		8C630F701ED87F23002963A2 /* SignUpViewController.h */ = {isa = PBXFileReference; fileEncoding = 4; lastKnownFileType = sourcecode.c.h; path = SignUpViewController.h; sourceTree = "<group>"; };
		8C630F711ED87F23002963A2 /* SignUpViewController.m */ = {isa = PBXFileReference; fileEncoding = 4; lastKnownFileType = sourcecode.c.objc; path = SignUpViewController.m; sourceTree = "<group>"; };
		8C630F731ED883BF002963A2 /* BaseAsyncOperation.h */ = {isa = PBXFileReference; fileEncoding = 4; lastKnownFileType = sourcecode.c.h; path = BaseAsyncOperation.h; sourceTree = "<group>"; };
		8C630F741ED883BF002963A2 /* BaseAsyncOperation.m */ = {isa = PBXFileReference; fileEncoding = 4; lastKnownFileType = sourcecode.c.objc; path = BaseAsyncOperation.m; sourceTree = "<group>"; };
		8C630F771ED8854D002963A2 /* LoginOp.h */ = {isa = PBXFileReference; fileEncoding = 4; lastKnownFileType = sourcecode.c.h; path = LoginOp.h; sourceTree = "<group>"; };
		8C630F781ED8854D002963A2 /* LoginOp.m */ = {isa = PBXFileReference; fileEncoding = 4; lastKnownFileType = sourcecode.c.objc; path = LoginOp.m; sourceTree = "<group>"; };
		8C630F7A1ED8855C002963A2 /* SignUpOp.h */ = {isa = PBXFileReference; fileEncoding = 4; lastKnownFileType = sourcecode.c.h; path = SignUpOp.h; sourceTree = "<group>"; };
		8C630F7B1ED8855C002963A2 /* SignUpOp.m */ = {isa = PBXFileReference; fileEncoding = 4; lastKnownFileType = sourcecode.c.objc; path = SignUpOp.m; sourceTree = "<group>"; };
		8C630F7D1ED88D20002963A2 /* BaseServerRequestOperation.h */ = {isa = PBXFileReference; fileEncoding = 4; lastKnownFileType = sourcecode.c.h; path = BaseServerRequestOperation.h; sourceTree = "<group>"; };
		8C630F7E1ED88D20002963A2 /* BaseServerRequestOperation.m */ = {isa = PBXFileReference; fileEncoding = 4; lastKnownFileType = sourcecode.c.objc; path = BaseServerRequestOperation.m; sourceTree = "<group>"; };
		8C630F841ED88E20002963A2 /* AuthorisationHandler.h */ = {isa = PBXFileReference; fileEncoding = 4; lastKnownFileType = sourcecode.c.h; path = AuthorisationHandler.h; sourceTree = "<group>"; };
		8C630F851ED88E20002963A2 /* AuthorisationHandler.m */ = {isa = PBXFileReference; fileEncoding = 4; lastKnownFileType = sourcecode.c.objc; path = AuthorisationHandler.m; sourceTree = "<group>"; };
		8C630F881ED8997A002963A2 /* Credits.plist */ = {isa = PBXFileReference; fileEncoding = 4; lastKnownFileType = text.plist.xml; path = Credits.plist; sourceTree = "<group>"; };
		8C630F8B1ED89A1C002963A2 /* baby-boy@3x.png */ = {isa = PBXFileReference; lastKnownFileType = image.png; path = "baby-boy@3x.png"; sourceTree = "<group>"; };
		8C630F8C1ED89A1C002963A2 /* couple@3x.png */ = {isa = PBXFileReference; lastKnownFileType = image.png; path = "couple@3x.png"; sourceTree = "<group>"; };
		8C630F8D1ED89A1C002963A2 /* family@3x.png */ = {isa = PBXFileReference; lastKnownFileType = image.png; path = "family@3x.png"; sourceTree = "<group>"; };
		8E80AFEA1ED8D740004ED08A /* TeacherCell.h */ = {isa = PBXFileReference; fileEncoding = 4; lastKnownFileType = sourcecode.c.h; path = TeacherCell.h; sourceTree = "<group>"; };
		8E80AFEB1ED8D740004ED08A /* TeacherCell.m */ = {isa = PBXFileReference; fileEncoding = 4; lastKnownFileType = sourcecode.c.objc; path = TeacherCell.m; sourceTree = "<group>"; };
		8E80AFEC1ED8D740004ED08A /* TeacherCell.xib */ = {isa = PBXFileReference; fileEncoding = 4; lastKnownFileType = file.xib; path = TeacherCell.xib; sourceTree = "<group>"; };
		8E80AFEF1ED8D87D004ED08A /* TeachersViewController.h */ = {isa = PBXFileReference; fileEncoding = 4; lastKnownFileType = sourcecode.c.h; path = TeachersViewController.h; sourceTree = "<group>"; };
		8E80AFF01ED8D87D004ED08A /* TeachersViewController.m */ = {isa = PBXFileReference; fileEncoding = 4; lastKnownFileType = sourcecode.c.objc; path = TeachersViewController.m; sourceTree = "<group>"; };
		8E80AFF21ED8D9BF004ED08A /* BaseTableViewController.h */ = {isa = PBXFileReference; fileEncoding = 4; lastKnownFileType = sourcecode.c.h; path = BaseTableViewController.h; sourceTree = "<group>"; };
		8E80AFF31ED8D9BF004ED08A /* BaseTableViewController.m */ = {isa = PBXFileReference; fileEncoding = 4; lastKnownFileType = sourcecode.c.objc; path = BaseTableViewController.m; sourceTree = "<group>"; };
		8E80AFF51ED8DDF5004ED08A /* CellMetaData.h */ = {isa = PBXFileReference; fileEncoding = 4; lastKnownFileType = sourcecode.c.h; path = CellMetaData.h; sourceTree = "<group>"; };
		8E80AFF61ED8DDF5004ED08A /* CellMetaData.m */ = {isa = PBXFileReference; fileEncoding = 4; lastKnownFileType = sourcecode.c.objc; path = CellMetaData.m; sourceTree = "<group>"; };
		B13E0280A32B56257942B9D1 /* Pods-EmerShool.debug.xcconfig */ = {isa = PBXFileReference; includeInIndex = 1; lastKnownFileType = text.xcconfig; name = "Pods-EmerShool.debug.xcconfig"; path = "Pods/Target Support Files/Pods-EmerShool/Pods-EmerShool.debug.xcconfig"; sourceTree = "<group>"; };
/* End PBXFileReference section */

/* Begin PBXFrameworksBuildPhase section */
		8C630F461ED86E42002963A2 /* Frameworks */ = {
			isa = PBXFrameworksBuildPhase;
			buildActionMask = 2147483647;
			files = (
				E2528E8FABF32F7927FF59B5 /* libPods-EmerShool.a in Frameworks */,
			);
			runOnlyForDeploymentPostprocessing = 0;
		};
/* End PBXFrameworksBuildPhase section */

/* Begin PBXGroup section */
		1864158F04B8284451316EA2 /* Pods */ = {
			isa = PBXGroup;
			children = (
				B13E0280A32B56257942B9D1 /* Pods-EmerShool.debug.xcconfig */,
				69ADB864EEE477092AB79E49 /* Pods-EmerShool.release.xcconfig */,
			);
			name = Pods;
			sourceTree = "<group>";
		};
		81306BA4E80262A737F6DFB6 /* Frameworks */ = {
			isa = PBXGroup;
			children = (
				83D172CAFB2743B7683AD6ED /* libPods-EmerShool.a */,
			);
			name = Frameworks;
			sourceTree = "<group>";
		};
		8C630F401ED86E42002963A2 = {
			isa = PBXGroup;
			children = (
				8C630F4B1ED86E42002963A2 /* EmerShool */,
				8C630F4A1ED86E42002963A2 /* Products */,
				1864158F04B8284451316EA2 /* Pods */,
				81306BA4E80262A737F6DFB6 /* Frameworks */,
			);
			sourceTree = "<group>";
		};
		8C630F4A1ED86E42002963A2 /* Products */ = {
			isa = PBXGroup;
			children = (
				8C630F491ED86E42002963A2 /* EmerShool.app */,
			);
			name = Products;
			sourceTree = "<group>";
		};
		8C630F4B1ED86E42002963A2 /* EmerShool */ = {
			isa = PBXGroup;
			children = (
				8C630F4F1ED86E43002963A2 /* AppDelegate.h */,
				8C630F501ED86E43002963A2 /* AppDelegate.m */,
				8C630F871ED88E26002963A2 /* Logic */,
				8C630F691ED877D7002963A2 /* GUI */,
				8C630F761ED883CF002963A2 /* Operations */,
				8C630F5B1ED86E43002963A2 /* Assets.xcassets */,
				8C630F5D1ED86E43002963A2 /* Main.storyboard */,
				8C630F601ED86E43002963A2 /* Info.plist */,
				8C630F581ED86E43002963A2 /* EmerShool.xcdatamodeld */,
				8C630F881ED8997A002963A2 /* Credits.plist */,
				8C630F8A1ED89A1C002963A2 /* Resources */,
				8C630F551ED86E43002963A2 /* LaunchScreen.storyboard */,
				8C630F4C1ED86E42002963A2 /* Supporting Files */,
			);
			path = EmerShool;
			sourceTree = "<group>";
		};
		8C630F4C1ED86E42002963A2 /* Supporting Files */ = {
			isa = PBXGroup;
			children = (
				8C630F4D1ED86E42002963A2 /* main.m */,
			);
			name = "Supporting Files";
			sourceTree = "<group>";
		};
		8C630F691ED877D7002963A2 /* GUI */ = {
			isa = PBXGroup;
			children = (
				8E80AFE91ED8D629004ED08A /* Cells */,
				8C630F661ED877CC002963A2 /* BaseViewController.h */,
				8C630F671ED877CC002963A2 /* BaseViewController.m */,
				8C630F6A1ED87803002963A2 /* MyProfileViewController.h */,
				8C630F6B1ED87803002963A2 /* MyProfileViewController.m */,
				8C630F6D1ED87F0B002963A2 /* LoginViewController.h */,
				8C630F6E1ED87F0B002963A2 /* LoginViewController.m */,
				8C630F701ED87F23002963A2 /* SignUpViewController.h */,
				8C630F711ED87F23002963A2 /* SignUpViewController.m */,
				8E80AFEF1ED8D87D004ED08A /* TeachersViewController.h */,
				8E80AFF01ED8D87D004ED08A /* TeachersViewController.m */,
				8E80AFF21ED8D9BF004ED08A /* BaseTableViewController.h */,
				8E80AFF31ED8D9BF004ED08A /* BaseTableViewController.m */,
			);
			name = GUI;
			sourceTree = "<group>";
		};
		8C630F761ED883CF002963A2 /* Operations */ = {
			isa = PBXGroup;
			children = (
				8C630F731ED883BF002963A2 /* BaseAsyncOperation.h */,
				8C630F741ED883BF002963A2 /* BaseAsyncOperation.m */,
				8C630F771ED8854D002963A2 /* LoginOp.h */,
				8C630F781ED8854D002963A2 /* LoginOp.m */,
				8C630F7A1ED8855C002963A2 /* SignUpOp.h */,
				8C630F7B1ED8855C002963A2 /* SignUpOp.m */,
				8C630F801ED88D2F002963A2 /* ServerOps */,
			);
			name = Operations;
			sourceTree = "<group>";
		};
		8C630F801ED88D2F002963A2 /* ServerOps */ = {
			isa = PBXGroup;
			children = (
				8C630F7D1ED88D20002963A2 /* BaseServerRequestOperation.h */,
				8C630F7E1ED88D20002963A2 /* BaseServerRequestOperation.m */,
				8C023B4D1ED9006600AB96BF /* BaseServerRequestOperation+Utils.h */,
				8C023B4E1ED9006600AB96BF /* BaseServerRequestOperation+Utils.m */,
				8C023B4A1ED8EFC800AB96BF /* LoginRequestOp.h */,
				8C023B4B1ED8EFC800AB96BF /* LoginRequestOp.m */,
			);
			name = ServerOps;
			sourceTree = "<group>";
		};
		8C630F871ED88E26002963A2 /* Logic */ = {
			isa = PBXGroup;
			children = (
				8C630F841ED88E20002963A2 /* AuthorisationHandler.h */,
				8C630F851ED88E20002963A2 /* AuthorisationHandler.m */,
			);
			name = Logic;
			sourceTree = "<group>";
		};
		8C630F8A1ED89A1C002963A2 /* Resources */ = {
			isa = PBXGroup;
			children = (
				8C630F8B1ED89A1C002963A2 /* baby-boy@3x.png */,
				8C630F8C1ED89A1C002963A2 /* couple@3x.png */,
				8C630F8D1ED89A1C002963A2 /* family@3x.png */,
			);
			path = Resources;
			sourceTree = "<group>";
		};
		8E80AFE91ED8D629004ED08A /* Cells */ = {
			isa = PBXGroup;
			children = (
				8E80AFEA1ED8D740004ED08A /* TeacherCell.h */,
				8E80AFEB1ED8D740004ED08A /* TeacherCell.m */,
				8E80AFEC1ED8D740004ED08A /* TeacherCell.xib */,
				8E80AFF51ED8DDF5004ED08A /* CellMetaData.h */,
				8E80AFF61ED8DDF5004ED08A /* CellMetaData.m */,
			);
			name = Cells;
			sourceTree = "<group>";
		};
/* End PBXGroup section */

/* Begin PBXNativeTarget section */
		8C630F481ED86E42002963A2 /* EmerShool */ = {
			isa = PBXNativeTarget;
			buildConfigurationList = 8C630F631ED86E43002963A2 /* Build configuration list for PBXNativeTarget "EmerShool" */;
			buildPhases = (
				34610AF45E57E536256B7A4E /* [CP] Check Pods Manifest.lock */,
				8C630F451ED86E42002963A2 /* Sources */,
				8C630F461ED86E42002963A2 /* Frameworks */,
				8C630F471ED86E42002963A2 /* Resources */,
				9F06904801952C67CABF5F7B /* [CP] Embed Pods Frameworks */,
				51342E45B483D8F1E415DEBF /* [CP] Copy Pods Resources */,
			);
			buildRules = (
			);
			dependencies = (
			);
			name = EmerShool;
			productName = EmerShool;
			productReference = 8C630F491ED86E42002963A2 /* EmerShool.app */;
			productType = "com.apple.product-type.application";
		};
/* End PBXNativeTarget section */

/* Begin PBXProject section */
		8C630F411ED86E42002963A2 /* Project object */ = {
			isa = PBXProject;
			attributes = {
				LastUpgradeCheck = 0830;
				ORGANIZATIONNAME = EmerShool;
				TargetAttributes = {
					8C630F481ED86E42002963A2 = {
						CreatedOnToolsVersion = 8.3.2;
						DevelopmentTeam = F2786Y2587;
						ProvisioningStyle = Automatic;
					};
				};
			};
			buildConfigurationList = 8C630F441ED86E42002963A2 /* Build configuration list for PBXProject "EmerShool" */;
			compatibilityVersion = "Xcode 3.2";
			developmentRegion = English;
			hasScannedForEncodings = 0;
			knownRegions = (
				en,
				Base,
			);
			mainGroup = 8C630F401ED86E42002963A2;
			productRefGroup = 8C630F4A1ED86E42002963A2 /* Products */;
			projectDirPath = "";
			projectRoot = "";
			targets = (
				8C630F481ED86E42002963A2 /* EmerShool */,
			);
		};
/* End PBXProject section */

/* Begin PBXResourcesBuildPhase section */
		8C630F471ED86E42002963A2 /* Resources */ = {
			isa = PBXResourcesBuildPhase;
			buildActionMask = 2147483647;
			files = (
				8C630F901ED89A1C002963A2 /* family@3x.png in Resources */,
				8C630F5F1ED86E43002963A2 /* Main.storyboard in Resources */,
				8C630F8F1ED89A1C002963A2 /* couple@3x.png in Resources */,
				8C630F8E1ED89A1C002963A2 /* baby-boy@3x.png in Resources */,
				8E80AFEE1ED8D740004ED08A /* TeacherCell.xib in Resources */,
				8C630F891ED8997A002963A2 /* Credits.plist in Resources */,
				8C630F5C1ED86E43002963A2 /* Assets.xcassets in Resources */,
				8C630F571ED86E43002963A2 /* LaunchScreen.storyboard in Resources */,
			);
			runOnlyForDeploymentPostprocessing = 0;
		};
/* End PBXResourcesBuildPhase section */

/* Begin PBXShellScriptBuildPhase section */
		34610AF45E57E536256B7A4E /* [CP] Check Pods Manifest.lock */ = {
			isa = PBXShellScriptBuildPhase;
			buildActionMask = 2147483647;
			files = (
			);
			inputPaths = (
			);
			name = "[CP] Check Pods Manifest.lock";
			outputPaths = (
			);
			runOnlyForDeploymentPostprocessing = 0;
			shellPath = /bin/sh;
			shellScript = "diff \"${PODS_PODFILE_DIR_PATH}/Podfile.lock\" \"${PODS_ROOT}/Manifest.lock\" > /dev/null\nif [ $? != 0 ] ; then\n    # print error to STDERR\n    echo \"error: The sandbox is not in sync with the Podfile.lock. Run 'pod install' or update your CocoaPods installation.\" >&2\n    exit 1\nfi\n";
			showEnvVarsInLog = 0;
		};
		51342E45B483D8F1E415DEBF /* [CP] Copy Pods Resources */ = {
			isa = PBXShellScriptBuildPhase;
			buildActionMask = 2147483647;
			files = (
			);
			inputPaths = (
			);
			name = "[CP] Copy Pods Resources";
			outputPaths = (
			);
			runOnlyForDeploymentPostprocessing = 0;
			shellPath = /bin/sh;
			shellScript = "\"${SRCROOT}/Pods/Target Support Files/Pods-EmerShool/Pods-EmerShool-resources.sh\"\n";
			showEnvVarsInLog = 0;
		};
		9F06904801952C67CABF5F7B /* [CP] Embed Pods Frameworks */ = {
			isa = PBXShellScriptBuildPhase;
			buildActionMask = 2147483647;
			files = (
			);
			inputPaths = (
			);
			name = "[CP] Embed Pods Frameworks";
			outputPaths = (
			);
			runOnlyForDeploymentPostprocessing = 0;
			shellPath = /bin/sh;
			shellScript = "\"${SRCROOT}/Pods/Target Support Files/Pods-EmerShool/Pods-EmerShool-frameworks.sh\"\n";
			showEnvVarsInLog = 0;
		};
/* End PBXShellScriptBuildPhase section */

/* Begin PBXSourcesBuildPhase section */
		8C630F451ED86E42002963A2 /* Sources */ = {
			isa = PBXSourcesBuildPhase;
			buildActionMask = 2147483647;
			files = (
				8C630F5A1ED86E43002963A2 /* EmerShool.xcdatamodeld in Sources */,
				8C023B4F1ED9006600AB96BF /* BaseServerRequestOperation+Utils.m in Sources */,
				8E80AFF71ED8DDF5004ED08A /* CellMetaData.m in Sources */,
				8C630F751ED883BF002963A2 /* BaseAsyncOperation.m in Sources */,
				8C630F7C1ED8855C002963A2 /* SignUpOp.m in Sources */,
				8C630F791ED8854D002963A2 /* LoginOp.m in Sources */,
				8E80AFF41ED8D9BF004ED08A /* BaseTableViewController.m in Sources */,
				8C630F681ED877CC002963A2 /* BaseViewController.m in Sources */,
				8C630F6F1ED87F0B002963A2 /* LoginViewController.m in Sources */,
				8C630F6C1ED87803002963A2 /* MyProfileViewController.m in Sources */,
				8E80AFF11ED8D87D004ED08A /* TeachersViewController.m in Sources */,
				8C630F511ED86E43002963A2 /* AppDelegate.m in Sources */,
				8C630F721ED87F23002963A2 /* SignUpViewController.m in Sources */,
				8C630F861ED88E20002963A2 /* AuthorisationHandler.m in Sources */,
				8E80AFED1ED8D740004ED08A /* TeacherCell.m in Sources */,
				8C630F7F1ED88D20002963A2 /* BaseServerRequestOperation.m in Sources */,
				8C023B4C1ED8EFC800AB96BF /* LoginRequestOp.m in Sources */,
				8C630F4E1ED86E43002963A2 /* main.m in Sources */,
			);
			runOnlyForDeploymentPostprocessing = 0;
		};
/* End PBXSourcesBuildPhase section */

/* Begin PBXVariantGroup section */
		8C630F551ED86E43002963A2 /* LaunchScreen.storyboard */ = {
			isa = PBXVariantGroup;
			children = (
				8C630F561ED86E43002963A2 /* Base */,
			);
			name = LaunchScreen.storyboard;
			sourceTree = "<group>";
		};
		8C630F5D1ED86E43002963A2 /* Main.storyboard */ = {
			isa = PBXVariantGroup;
			children = (
				8C630F5E1ED86E43002963A2 /* Base */,
			);
			name = Main.storyboard;
			sourceTree = "<group>";
		};
/* End PBXVariantGroup section */

/* Begin XCBuildConfiguration section */
		8C630F611ED86E43002963A2 /* Debug */ = {
			isa = XCBuildConfiguration;
			buildSettings = {
				ALWAYS_SEARCH_USER_PATHS = NO;
				CLANG_ANALYZER_NONNULL = YES;
				CLANG_ANALYZER_NUMBER_OBJECT_CONVERSION = YES_AGGRESSIVE;
				CLANG_CXX_LANGUAGE_STANDARD = "gnu++0x";
				CLANG_CXX_LIBRARY = "libc++";
				CLANG_ENABLE_MODULES = YES;
				CLANG_ENABLE_OBJC_ARC = YES;
				CLANG_WARN_BOOL_CONVERSION = YES;
				CLANG_WARN_CONSTANT_CONVERSION = YES;
				CLANG_WARN_DIRECT_OBJC_ISA_USAGE = YES_ERROR;
				CLANG_WARN_DOCUMENTATION_COMMENTS = YES;
				CLANG_WARN_EMPTY_BODY = YES;
				CLANG_WARN_ENUM_CONVERSION = YES;
				CLANG_WARN_INFINITE_RECURSION = YES;
				CLANG_WARN_INT_CONVERSION = YES;
				CLANG_WARN_OBJC_ROOT_CLASS = YES_ERROR;
				CLANG_WARN_SUSPICIOUS_MOVE = YES;
				CLANG_WARN_UNREACHABLE_CODE = YES;
				CLANG_WARN__DUPLICATE_METHOD_MATCH = YES;
				"CODE_SIGN_IDENTITY[sdk=iphoneos*]" = "iPhone Developer";
				COPY_PHASE_STRIP = NO;
				DEBUG_INFORMATION_FORMAT = dwarf;
				ENABLE_STRICT_OBJC_MSGSEND = YES;
				ENABLE_TESTABILITY = YES;
				GCC_C_LANGUAGE_STANDARD = gnu99;
				GCC_DYNAMIC_NO_PIC = NO;
				GCC_NO_COMMON_BLOCKS = YES;
				GCC_OPTIMIZATION_LEVEL = 0;
				GCC_PREPROCESSOR_DEFINITIONS = (
					"DEBUG=1",
					"$(inherited)",
				);
				GCC_WARN_64_TO_32_BIT_CONVERSION = YES;
				GCC_WARN_ABOUT_RETURN_TYPE = YES_ERROR;
				GCC_WARN_UNDECLARED_SELECTOR = YES;
				GCC_WARN_UNINITIALIZED_AUTOS = YES_AGGRESSIVE;
				GCC_WARN_UNUSED_FUNCTION = YES;
				GCC_WARN_UNUSED_VARIABLE = YES;
				IPHONEOS_DEPLOYMENT_TARGET = 10.3;
				MTL_ENABLE_DEBUG_INFO = YES;
				ONLY_ACTIVE_ARCH = YES;
				SDKROOT = iphoneos;
			};
			name = Debug;
		};
		8C630F621ED86E43002963A2 /* Release */ = {
			isa = XCBuildConfiguration;
			buildSettings = {
				ALWAYS_SEARCH_USER_PATHS = NO;
				CLANG_ANALYZER_NONNULL = YES;
				CLANG_ANALYZER_NUMBER_OBJECT_CONVERSION = YES_AGGRESSIVE;
				CLANG_CXX_LANGUAGE_STANDARD = "gnu++0x";
				CLANG_CXX_LIBRARY = "libc++";
				CLANG_ENABLE_MODULES = YES;
				CLANG_ENABLE_OBJC_ARC = YES;
				CLANG_WARN_BOOL_CONVERSION = YES;
				CLANG_WARN_CONSTANT_CONVERSION = YES;
				CLANG_WARN_DIRECT_OBJC_ISA_USAGE = YES_ERROR;
				CLANG_WARN_DOCUMENTATION_COMMENTS = YES;
				CLANG_WARN_EMPTY_BODY = YES;
				CLANG_WARN_ENUM_CONVERSION = YES;
				CLANG_WARN_INFINITE_RECURSION = YES;
				CLANG_WARN_INT_CONVERSION = YES;
				CLANG_WARN_OBJC_ROOT_CLASS = YES_ERROR;
				CLANG_WARN_SUSPICIOUS_MOVE = YES;
				CLANG_WARN_UNREACHABLE_CODE = YES;
				CLANG_WARN__DUPLICATE_METHOD_MATCH = YES;
				"CODE_SIGN_IDENTITY[sdk=iphoneos*]" = "iPhone Developer";
				COPY_PHASE_STRIP = NO;
				DEBUG_INFORMATION_FORMAT = "dwarf-with-dsym";
				ENABLE_NS_ASSERTIONS = NO;
				ENABLE_STRICT_OBJC_MSGSEND = YES;
				GCC_C_LANGUAGE_STANDARD = gnu99;
				GCC_NO_COMMON_BLOCKS = YES;
				GCC_WARN_64_TO_32_BIT_CONVERSION = YES;
				GCC_WARN_ABOUT_RETURN_TYPE = YES_ERROR;
				GCC_WARN_UNDECLARED_SELECTOR = YES;
				GCC_WARN_UNINITIALIZED_AUTOS = YES_AGGRESSIVE;
				GCC_WARN_UNUSED_FUNCTION = YES;
				GCC_WARN_UNUSED_VARIABLE = YES;
				IPHONEOS_DEPLOYMENT_TARGET = 10.3;
				MTL_ENABLE_DEBUG_INFO = NO;
				SDKROOT = iphoneos;
				VALIDATE_PRODUCT = YES;
			};
			name = Release;
		};
		8C630F641ED86E43002963A2 /* Debug */ = {
			isa = XCBuildConfiguration;
			baseConfigurationReference = B13E0280A32B56257942B9D1 /* Pods-EmerShool.debug.xcconfig */;
			buildSettings = {
				ASSETCATALOG_COMPILER_APPICON_NAME = AppIcon;
				DEVELOPMENT_TEAM = F2786Y2587;
				INFOPLIST_FILE = EmerShool/Info.plist;
				LD_RUNPATH_SEARCH_PATHS = "$(inherited) @executable_path/Frameworks";
				PRODUCT_BUNDLE_IDENTIFIER = ru.emerchool.EmerShool;
				PRODUCT_NAME = "$(TARGET_NAME)";
			};
			name = Debug;
		};
		8C630F651ED86E43002963A2 /* Release */ = {
			isa = XCBuildConfiguration;
			baseConfigurationReference = 69ADB864EEE477092AB79E49 /* Pods-EmerShool.release.xcconfig */;
			buildSettings = {
				ASSETCATALOG_COMPILER_APPICON_NAME = AppIcon;
				DEVELOPMENT_TEAM = F2786Y2587;
				INFOPLIST_FILE = EmerShool/Info.plist;
				LD_RUNPATH_SEARCH_PATHS = "$(inherited) @executable_path/Frameworks";
				PRODUCT_BUNDLE_IDENTIFIER = ru.emerchool.EmerShool;
				PRODUCT_NAME = "$(TARGET_NAME)";
			};
			name = Release;
		};
/* End XCBuildConfiguration section */

/* Begin XCConfigurationList section */
		8C630F441ED86E42002963A2 /* Build configuration list for PBXProject "EmerShool" */ = {
			isa = XCConfigurationList;
			buildConfigurations = (
				8C630F611ED86E43002963A2 /* Debug */,
				8C630F621ED86E43002963A2 /* Release */,
			);
			defaultConfigurationIsVisible = 0;
			defaultConfigurationName = Release;
		};
		8C630F631ED86E43002963A2 /* Build configuration list for PBXNativeTarget "EmerShool" */ = {
			isa = XCConfigurationList;
			buildConfigurations = (
				8C630F641ED86E43002963A2 /* Debug */,
				8C630F651ED86E43002963A2 /* Release */,
			);
			defaultConfigurationIsVisible = 0;
			defaultConfigurationName = Release;
		};
/* End XCConfigurationList section */

/* Begin XCVersionGroup section */
		8C630F581ED86E43002963A2 /* EmerShool.xcdatamodeld */ = {
			isa = XCVersionGroup;
			children = (
				8C630F591ED86E43002963A2 /* EmerShool.xcdatamodel */,
			);
			currentVersion = 8C630F591ED86E43002963A2 /* EmerShool.xcdatamodel */;
			path = EmerShool.xcdatamodeld;
			sourceTree = "<group>";
			versionGroupType = wrapper.xcdatamodel;
		};
/* End XCVersionGroup section */
	};
	rootObject = 8C630F411ED86E42002963A2 /* Project object */;
}
